<?xml version="1.0" encoding="utf-8"?>
<Project ToolsVersion="4.0" xmlns="http://schemas.microsoft.com/developer/msbuild/2003">
  <ItemGroup>
    <Filter Include="Source Files">
      <UniqueIdentifier>{4FC737F1-C7A5-4376-A066-2A32D752A2FF}</UniqueIdentifier>
      <Extensions>cpp;c;cc;cxx;def;odl;idl;hpj;bat;asm;asmx</Extensions>
    </Filter>
    <Filter Include="Header Files">
      <UniqueIdentifier>{93995380-89BD-4b04-88EB-625FBE52EBFB}</UniqueIdentifier>
      <Extensions>h;hh;hpp;hxx;hm;inl;inc;xsd</Extensions>
    </Filter>
    <Filter Include="Resource Files">
      <UniqueIdentifier>{67DA6AB6-F800-4c08-8B7A-83BB121AAD01}</UniqueIdentifier>
      <Extensions>rc;ico;cur;bmp;dlg;rc2;rct;bin;rgs;gif;jpg;jpeg;jpe;resx;tiff;tif;png;wav;mfcribbon-ms</Extensions>
    </Filter>
    <Filter Include="Header Files\unstruct">
      <UniqueIdentifier>{39ab65fb-0573-4d47-b512-59b11e9eb8ed}</UniqueIdentifier>
    </Filter>
    <Filter Include="Source Files\unstruct">
      <UniqueIdentifier>{2e5bc256-fb36-40eb-8779-e243ff3e90d7}</UniqueIdentifier>
    </Filter>
  </ItemGroup>
  <ItemGroup>
    <Text Include="ReadMe.txt" />
  </ItemGroup>
  <ItemGroup>
    <ClCompile Include="src\logging.cpp">
      <Filter>Source Files</Filter>
    </ClCompile>
    <ClCompile Include="src\settings.cpp">
      <Filter>Source Files</Filter>
    </ClCompile>
    <ClCompile Include="main.cpp">
      <Filter>Source Files</Filter>
    </ClCompile>
    <ClCompile Include="src\CGNS-ctx-unst.cpp">
      <Filter>Source Files\unstruct</Filter>
    </ClCompile>
    <ClCompile Include="src\dom_base_unstruct.cpp">
      <Filter>Source Files\unstruct</Filter>
    </ClCompile>
    <ClCompile Include="src\dom_uvwpt_unstruct.cpp">
      <Filter>Source Files\unstruct</Filter>
    </ClCompile>
    <ClCompile Include="src\io_field_unstruct.cpp">
      <Filter>Source Files\unstruct</Filter>
    </ClCompile>
    <ClCompile Include="src\common_procs_unstruct.cpp">
      <Filter>Source Files\unstruct</Filter>
    </ClCompile>
    <ClCompile Include="src\matrix_small.cpp">
      <Filter>Source Files\unstruct</Filter>
    </ClCompile>
  </ItemGroup>
  <ItemGroup>
    <ClInclude Include="include\optParse.h">
      <Filter>Header Files</Filter>
    </ClInclude>
    <ClInclude Include="include\logging.h">
      <Filter>Header Files</Filter>
    </ClInclude>
    <ClInclude Include="include\settings.h">
      <Filter>Header Files</Filter>
    </ClInclude>
    <ClInclude Include="include\matrix_small.h">
      <Filter>Header Files</Filter>
    </ClInclude>
    <ClInclude Include="include\CGNS-ctx-unst.h">
      <Filter>Header Files\unstruct</Filter>
    </ClInclude>
    <ClInclude Include="include\common_data_unstruct.h">
      <Filter>Header Files\unstruct</Filter>
    </ClInclude>
    <ClInclude Include="include\dom_base_unstruct.h">
      <Filter>Header Files\unstruct</Filter>
    </ClInclude>
    <ClInclude Include="include\dom_uvwpt_unstruct.h">
      <Filter>Header Files\unstruct</Filter>
    </ClInclude>
    <ClInclude Include="include\io_field_unstruct.h">
      <Filter>Header Files\unstruct</Filter>
    </ClInclude>
    <ClInclude Include="include\common_procs_unstruct.h">
      <Filter>Header Files\unstruct</Filter>
    </ClInclude>
  </ItemGroup>
</Project>