<?xml version="1.0" encoding="utf-8"?>
<Project ToolsVersion="4.0" xmlns="http://schemas.microsoft.com/developer/msbuild/2003">
  <ItemGroup>
    <Filter Include="Source Files">
      <UniqueIdentifier>{4FC737F1-C7A5-4376-A066-2A32D752A2FF}</UniqueIdentifier>
      <Extensions>cpp;c;cc;cxx;def;odl;idl;hpj;bat;asm;asmx</Extensions>
    </Filter>
    <Filter Include="Header Files">
      <UniqueIdentifier>{93995380-89BD-4b04-88EB-625FBE52EBFB}</UniqueIdentifier>
      <Extensions>h;hh;hpp;hxx;hm;inl;inc;ipp;xsd</Extensions>
    </Filter>
    <Filter Include="Resource Files">
      <UniqueIdentifier>{67DA6AB6-F800-4c08-8B7A-83BB121AAD01}</UniqueIdentifier>
      <Extensions>rc;ico;cur;bmp;dlg;rc2;rct;bin;rgs;gif;jpg;jpeg;jpe;resx;tiff;tif;png;wav;mfcribbon-ms</Extensions>
    </Filter>
    <Filter Include="Header Files\phys_common">
      <UniqueIdentifier>{cb6cae89-4f04-47e6-b537-4c58133d4c0a}</UniqueIdentifier>
    </Filter>
    <Filter Include="Header Files\euler">
      <UniqueIdentifier>{51bdace2-353f-4c9b-9f8b-e0f71d7ae615}</UniqueIdentifier>
    </Filter>
    <Filter Include="Source Files\phys_common">
      <UniqueIdentifier>{685aa644-988d-402d-b55f-210da688447f}</UniqueIdentifier>
    </Filter>
    <Filter Include="Source Files\euler">
      <UniqueIdentifier>{d3f358b9-4bb6-4bd7-ae77-91f0a210607b}</UniqueIdentifier>
    </Filter>
    <Filter Include="Header Files\ns">
      <UniqueIdentifier>{1b3a2229-11a9-48de-943e-df802e59e6d9}</UniqueIdentifier>
    </Filter>
    <Filter Include="Source Files\ns">
      <UniqueIdentifier>{41e65fef-0862-4865-aaa6-8687e373e40b}</UniqueIdentifier>
    </Filter>
    <Filter Include="Header Files\phys_common\uvwpt">
      <UniqueIdentifier>{e737afeb-9749-4d43-8ca7-6c41ed59436b}</UniqueIdentifier>
    </Filter>
    <Filter Include="Source Files\phys_common\uvwpt">
      <UniqueIdentifier>{cf066bc3-9c9e-431b-8763-03d90e5f089e}</UniqueIdentifier>
    </Filter>
  </ItemGroup>
  <ItemGroup>
    <ClCompile Include="src\main.cpp">
      <Filter>Source Files</Filter>
    </ClCompile>
    <ClCompile Include="src\logging.cpp">
      <Filter>Source Files</Filter>
    </ClCompile>
    <ClCompile Include="src\matrix_small.cpp">
      <Filter>Source Files</Filter>
    </ClCompile>
    <ClCompile Include="src\common_procs.cpp">
      <Filter>Source Files</Filter>
    </ClCompile>
    <ClCompile Include="src\HSFlow-shared.cpp">
      <Filter>Source Files</Filter>
    </ClCompile>
    <ClCompile Include="src\CGNS-ctx.cpp">
      <Filter>Source Files</Filter>
    </ClCompile>
    <ClCompile Include="src\PluginBase.cpp">
      <Filter>Source Files</Filter>
    </ClCompile>
    <ClCompile Include="src\settings.cpp">
      <Filter>Source Files</Filter>
    </ClCompile>
    <ClCompile Include="src\flow_params.cpp">
      <Filter>Source Files</Filter>
    </ClCompile>
    <ClCompile Include="src\flow_model_perfect_gas.cpp">
      <Filter>Source Files</Filter>
    </ClCompile>
    <ClCompile Include="src\io-field.cpp">
      <Filter>Source Files</Filter>
    </ClCompile>
    <ClCompile Include="src\bc_common.cpp">
      <Filter>Source Files\phys_common</Filter>
    </ClCompile>
    <ClCompile Include="src\bc_euler.cpp">
      <Filter>Source Files\euler</Filter>
    </ClCompile>
    <ClCompile Include="src\dom_euler_1st.cpp">
      <Filter>Source Files\euler</Filter>
    </ClCompile>
    <ClCompile Include="src\dom_euler_base.cpp">
      <Filter>Source Files\euler</Filter>
    </ClCompile>
    <ClCompile Include="src\dom_euler_lsq.cpp">
      <Filter>Source Files\euler</Filter>
    </ClCompile>
    <ClCompile Include="src\flux-euler.cpp">
      <Filter>Source Files\euler</Filter>
    </ClCompile>
    <ClCompile Include="src\ghost_euler.cpp">
      <Filter>Source Files\euler</Filter>
    </ClCompile>
    <ClCompile Include="src\ghost_common.cpp">
      <Filter>Source Files\phys_common</Filter>
    </ClCompile>
    <ClCompile Include="src\rs_procs.cpp">
      <Filter>Source Files\phys_common</Filter>
    </ClCompile>
    <ClCompile Include="src\dom_euler_1st_impl.cpp">
      <Filter>Source Files\euler</Filter>
    </ClCompile>
    <ClCompile Include="src\case_euler.cpp">
      <Filter>Source Files\euler</Filter>
    </ClCompile>
    <ClCompile Include="src\dom_base.cpp">
      <Filter>Source Files</Filter>
    </ClCompile>
    <ClCompile Include="src\case_ns.cpp">
      <Filter>Source Files\ns</Filter>
    </ClCompile>
    <ClCompile Include="src\bc_ns.cpp">
      <Filter>Source Files\ns</Filter>
    </ClCompile>
    <ClCompile Include="src\flux_ns.cpp">
      <Filter>Source Files\ns</Filter>
    </ClCompile>
    <ClCompile Include="src\dom_ns_base.cpp">
      <Filter>Source Files\ns</Filter>
    </ClCompile>
    <ClCompile Include="src\ghost_ns.cpp">
      <Filter>Source Files\ns</Filter>
    </ClCompile>
    <ClCompile Include="src\dom_base_uvwpt.cpp">
      <Filter>Source Files\phys_common\uvwpt</Filter>
    </ClCompile>
    <ClCompile Include="src\flow_vars_uvwpt.cpp">
      <Filter>Source Files\phys_common\uvwpt</Filter>
    </ClCompile>
    <ClCompile Include="src\ghost_uvwpt.cpp">
      <Filter>Source Files\phys_common\uvwpt</Filter>
    </ClCompile>
  </ItemGroup>
  <ItemGroup>
    <ClInclude Include="include\logging.h">
      <Filter>Header Files</Filter>
    </ClInclude>
    <ClInclude Include="include\optParse.h">
      <Filter>Header Files</Filter>
    </ClInclude>
    <ClInclude Include="include\common_data.h">
      <Filter>Header Files</Filter>
    </ClInclude>
    <ClInclude Include="include\common_procs.h">
      <Filter>Header Files</Filter>
    </ClInclude>
    <ClInclude Include="include\matrix_small.h">
      <Filter>Header Files</Filter>
    </ClInclude>
    <ClInclude Include="include\settings.h">
      <Filter>Header Files</Filter>
    </ClInclude>
    <ClInclude Include="include\CGNS-ctx.h">
      <Filter>Header Files</Filter>
    </ClInclude>
    <ClInclude Include="include\flow_params.h">
      <Filter>Header Files</Filter>
    </ClInclude>
    <ClInclude Include="include\flow_model_perfect_gas.h">
      <Filter>Header Files</Filter>
    </ClInclude>
    <ClInclude Include="include\PluginBase.h">
      <Filter>Header Files</Filter>
    </ClInclude>
    <ClInclude Include="include\IniFile.hpp">
      <Filter>Header Files</Filter>
    </ClInclude>
    <ClInclude Include="include\io-field.h">
      <Filter>Header Files</Filter>
    </ClInclude>
    <ClInclude Include="include\bc_euler.h">
      <Filter>Header Files\euler</Filter>
    </ClInclude>
    <ClInclude Include="include\bc_common.h">
      <Filter>Header Files\phys_common</Filter>
    </ClInclude>
    <ClInclude Include="include\dom_euler_1st.h">
      <Filter>Header Files\euler</Filter>
    </ClInclude>
    <ClInclude Include="include\dom_euler_base.h">
      <Filter>Header Files\euler</Filter>
    </ClInclude>
    <ClInclude Include="include\dom_euler_lsq.h">
      <Filter>Header Files\euler</Filter>
    </ClInclude>
    <ClInclude Include="include\flux_euler.h">
      <Filter>Header Files\euler</Filter>
    </ClInclude>
    <ClInclude Include="include\rs_euler.h">
      <Filter>Header Files\euler</Filter>
    </ClInclude>
    <ClInclude Include="include\ghost_common.h">
      <Filter>Header Files\phys_common</Filter>
    </ClInclude>
    <ClInclude Include="include\ghost_euler.h">
      <Filter>Header Files\euler</Filter>
    </ClInclude>
    <ClInclude Include="include\schemes_euler.h">
      <Filter>Header Files\euler</Filter>
    </ClInclude>
    <ClInclude Include="include\dom_euler_1st_impl.h">
      <Filter>Header Files\euler</Filter>
    </ClInclude>
    <ClInclude Include="include\dom_base.h">
      <Filter>Header Files</Filter>
    </ClInclude>
    <ClInclude Include="include\bc_ns.h">
      <Filter>Header Files\ns</Filter>
    </ClInclude>
    <ClInclude Include="include\flux_ns.h">
      <Filter>Header Files\ns</Filter>
    </ClInclude>
    <ClInclude Include="include\dom_ns_base.h">
      <Filter>Header Files\ns</Filter>
    </ClInclude>
    <ClInclude Include="include\ghost_ns.h">
      <Filter>Header Files\ns</Filter>
    </ClInclude>
    <ClInclude Include="include\dom_base_uvwpt.h">
      <Filter>Header Files\phys_common\uvwpt</Filter>
    </ClInclude>
    <ClInclude Include="include\flow_vars_uvwpt.h">
      <Filter>Header Files\phys_common\uvwpt</Filter>
    </ClInclude>
    <ClInclude Include="include\ghost_uvwpt.h">
      <Filter>Header Files\phys_common\uvwpt</Filter>
    </ClInclude>
  </ItemGroup>
</Project>